
Microsoft Visual Studio Solution File, Format Version 12.00
# Visual Studio Version 17
VisualStudioVersion = 17.11.35327.3
MinimumVisualStudioVersion = 10.0.40219.1
Project("{FAE04EC0-301F-11D3-BF4B-00C04F79EFBC}") = "Pizza Order", "Pizza Order.csproj", "{FD577654-CFC5-4281-B82C-132E1F541E77}"
EndProject
Global
	GlobalSection(SolutionConfigurationPlatforms) = preSolution
		Debug|Any CPU = Debug|Any CPU
		Release|Any CPU = Release|Any CPU
	EndGlobalSection
	GlobalSection(ProjectConfigurationPlatforms) = postSolution
		{FD577654-CFC5-4281-B82C-132E1F541E77}.Debug|Any CPU.ActiveCfg = Debug|Any CPU
		{FD577654-CFC5-4281-B82C-132E1F541E77}.Debug|Any CPU.Build.0 = Debug|Any CPU
		{FD577654-CFC5-4281-B82C-132E1F541E77}.Release|Any CPU.ActiveCfg = Release|Any CPU
		{FD577654-CFC5-4281-B82C-132E1F541E77}.Release|Any CPU.Build.0 = Release|Any CPU
	EndGlobalSection
	GlobalSection(SolutionProperties) = preSolution
		HideSolutionNode = FALSE
	EndGlobalSection
	GlobalSection(ExtensibilityGlobals) = postSolution
		SolutionGuid = {7E14BEF6-3A0F-47ED-B4C2-BAD4EB8C9A0C}
	EndGlobalSection
EndGlobal
